<?xml version="1.0" encoding="utf-8"?>
<Project ToolsVersion="4.0" xmlns="http://schemas.microsoft.com/developer/msbuild/2003">
  <ItemGroup>
    <Filter Include="Fichiers sources">
      <UniqueIdentifier>{4FC737F1-C7A5-4376-A066-2A32D752A2FF}</UniqueIdentifier>
      <Extensions>cpp;c;cc;cxx;def;odl;idl;hpj;bat;asm;asmx</Extensions>
    </Filter>
    <Filter Include="Fichiers d%27en-tête">
      <UniqueIdentifier>{93995380-89BD-4b04-88EB-625FBE52EBFB}</UniqueIdentifier>
      <Extensions>h;hh;hpp;hxx;hm;inl;inc;xsd</Extensions>
    </Filter>
    <Filter Include="Fichiers de ressources">
      <UniqueIdentifier>{67DA6AB6-F800-4c08-8B7A-83BB121AAD01}</UniqueIdentifier>
      <Extensions>rc;ico;cur;bmp;dlg;rc2;rct;bin;rgs;gif;jpg;jpeg;jpe;resx;tiff;tif;png;wav;mfcribbon-ms</Extensions>
    </Filter>
    <Filter Include="Fichiers d%27en-tête\InitializationLists">
      <UniqueIdentifier>{d9318fb6-91ab-4d93-8ccf-532cec601dc4}</UniqueIdentifier>
    </Filter>
    <Filter Include="Fichiers sources\InitializationLists">
      <UniqueIdentifier>{18a8feeb-ffe7-4ddf-9e59-cad5ee7c0411}</UniqueIdentifier>
    </Filter>
    <Filter Include="Fichiers d%27en-tête\Generic">
      <UniqueIdentifier>{d91abae3-822b-48de-9c33-4aac9932651f}</UniqueIdentifier>
    </Filter>
    <Filter Include="Fichiers sources\Generic">
      <UniqueIdentifier>{df2a1d39-10de-4bfa-bb77-53a0657dad00}</UniqueIdentifier>
    </Filter>
    <Filter Include="Fichiers d%27en-tête\SIMD">
      <UniqueIdentifier>{2fc2a892-e266-469f-8b0e-2eaf0d8406c0}</UniqueIdentifier>
    </Filter>
    <Filter Include="Fichiers sources\SIMD">
      <UniqueIdentifier>{037e9c12-fcc6-496f-81ee-786cc5dda5ba}</UniqueIdentifier>
    </Filter>
    <Filter Include="Fichiers d%27en-tête\CastOperator">
      <UniqueIdentifier>{f38f2777-811b-4c38-a0c6-3d7dc27a560e}</UniqueIdentifier>
    </Filter>
    <Filter Include="Fichiers sources\CastOperator">
      <UniqueIdentifier>{666c0825-48c0-4000-9e94-0efb9e2581e3}</UniqueIdentifier>
    </Filter>
    <Filter Include="Fichiers d%27en-tête\VariadiqueTemplate">
      <UniqueIdentifier>{5e3d11a1-2f4e-49b2-8724-1042e66de321}</UniqueIdentifier>
    </Filter>
    <Filter Include="Fichiers sources\VariadiqueTemplate">
      <UniqueIdentifier>{17eb3ae1-9226-407f-880e-47ef1111e0b5}</UniqueIdentifier>
    </Filter>
  </ItemGroup>
  <ItemGroup>
    <ClCompile Include="Main.cpp">
      <Filter>Fichiers sources</Filter>
    </ClCompile>
    <ClCompile Include="InitializationLists.cpp">
      <Filter>Fichiers sources\InitializationLists</Filter>
    </ClCompile>
    <ClCompile Include="xmmintrin.cpp">
      <Filter>Fichiers sources\SIMD</Filter>
    </ClCompile>
    <ClCompile Include="mmintrin.cpp">
      <Filter>Fichiers sources\SIMD</Filter>
    </ClCompile>
    <ClCompile Include="VariadiqueTemplate.hxx">
      <Filter>Fichiers sources\VariadiqueTemplate</Filter>
    </ClCompile>
    <ClCompile Include="Simd.cpp">
      <Filter>Fichiers sources\SIMD</Filter>
    </ClCompile>
    <ClCompile Include="CastOperator.h">
      <Filter>Fichiers d%27en-tête\CastOperator</Filter>
    </ClCompile>
    <ClCompile Include="Commun.cpp">
      <Filter>Fichiers sources</Filter>
    </ClCompile>
  </ItemGroup>
  <ItemGroup>
    <ClInclude Include="InitializationLists.h">
      <Filter>Fichiers d%27en-tête\InitializationLists</Filter>
    </ClInclude>
    <ClInclude Include="Generic.h">
      <Filter>Fichiers d%27en-tête\Generic</Filter>
    </ClInclude>
    <ClInclude Include="Generic.hxx">
      <Filter>Fichiers sources\Generic</Filter>
    </ClInclude>
    <ClInclude Include="Simd.h">
      <Filter>Fichiers d%27en-tête\SIMD</Filter>
    </ClInclude>
    <ClInclude Include="VariadiqueTemplate.h">
      <Filter>Fichiers d%27en-tête\VariadiqueTemplate</Filter>
    </ClInclude>
    <ClInclude Include="CastOperator.hxx">
      <Filter>Fichiers sources\CastOperator</Filter>
    </ClInclude>
    <ClInclude Include="Commun.h">
      <Filter>Fichiers d%27en-tête</Filter>
    </ClInclude>
  </ItemGroup>
</Project>